
Microsoft Visual Studio Solution File, Format Version 12.00
# Visual Studio Version 16
VisualStudioVersion = 16.0.31112.23
MinimumVisualStudioVersion = 10.0.40219.1
Project("{FAE04EC0-301F-11D3-BF4B-00C04F79EFBC}") = "login page", "login page\login page.csproj", "{C19F795F-9263-4E5D-8328-4B7BE9B7CB43}"
EndProject
Global
	GlobalSection(SolutionConfigurationPlatforms) = preSolution
		Debug|Any CPU = Debug|Any CPU
		Release|Any CPU = Release|Any CPU
	EndGlobalSection
	GlobalSection(ProjectConfigurationPlatforms) = postSolution
		{C19F795F-9263-4E5D-8328-4B7BE9B7CB43}.Debug|Any CPU.ActiveCfg = Debug|Any CPU
		{C19F795F-9263-4E5D-8328-4B7BE9B7CB43}.Debug|Any CPU.Build.0 = Debug|Any CPU
		{C19F795F-9263-4E5D-8328-4B7BE9B7CB43}.Release|Any CPU.ActiveCfg = Release|Any CPU
		{C19F795F-9263-4E5D-8328-4B7BE9B7CB43}.Release|Any CPU.Build.0 = Release|Any CPU
	EndGlobalSection
	GlobalSection(SolutionProperties) = preSolution
		HideSolutionNode = FALSE
	EndGlobalSection
	GlobalSection(ExtensibilityGlobals) = postSolution
		SolutionGuid = {1EAFEE6E-CB5A-4FA2-AB27-6E0F6043DEBF}
	EndGlobalSection
EndGlobal
